// !$*UTF8*$!
{
	archiveVersion = 1;
	classes = {
	};
	objectVersion = 56;
	objects = {

/* Begin PBXBuildFile section */
		41AEA57629817CBF003934F1 /* AppDelegate.swift in Sources */ = {isa = PBXBuildFile; fileRef = 41AEA57529817CBF003934F1 /* AppDelegate.swift */; };
		41AEA57A29817CBF003934F1 /* GamesViewController.swift in Sources */ = {isa = PBXBuildFile; fileRef = 41AEA57929817CBF003934F1 /* GamesViewController.swift */; };
		41AEA58229817CC5003934F1 /* Assets.xcassets in Resources */ = {isa = PBXBuildFile; fileRef = 41AEA58129817CC5003934F1 /* Assets.xcassets */; };
		41AEA58529817CC5003934F1 /* LaunchScreen.storyboard in Resources */ = {isa = PBXBuildFile; fileRef = 41AEA58329817CC5003934F1 /* LaunchScreen.storyboard */; };
		41AEA59829817F6A003934F1 /* StreamsViewController.swift in Sources */ = {isa = PBXBuildFile; fileRef = 41AEA59729817F6A003934F1 /* StreamsViewController.swift */; };
		41AEA59A298180C8003934F1 /* NetworkManager.swift in Sources */ = {isa = PBXBuildFile; fileRef = 41AEA599298180C8003934F1 /* NetworkManager.swift */; };
		41AEA59C2981813C003934F1 /* ViewLoadable.swift in Sources */ = {isa = PBXBuildFile; fileRef = 41AEA59B2981813C003934F1 /* ViewLoadable.swift */; };
		41AEA59E2981815B003934F1 /* StreamsView.swift in Sources */ = {isa = PBXBuildFile; fileRef = 41AEA59D2981815B003934F1 /* StreamsView.swift */; };
		41AEA5A02981816C003934F1 /* GamesView.swift in Sources */ = {isa = PBXBuildFile; fileRef = 41AEA59F2981816C003934F1 /* GamesView.swift */; };
		41AEA5A32981818F003934F1 /* GameTableViewCell.swift in Sources */ = {isa = PBXBuildFile; fileRef = 41AEA5A22981818F003934F1 /* GameTableViewCell.swift */; };
		41AEA5A6298181A2003934F1 /* StreamTableViewCell.swift in Sources */ = {isa = PBXBuildFile; fileRef = 41AEA5A5298181A2003934F1 /* StreamTableViewCell.swift */; };
		41AEA5A8298183C8003934F1 /* GamesModel.swift in Sources */ = {isa = PBXBuildFile; fileRef = 41AEA5A7298183C8003934F1 /* GamesModel.swift */; };
		41AEA5AA2981840E003934F1 /* Responses.swift in Sources */ = {isa = PBXBuildFile; fileRef = 41AEA5A92981840E003934F1 /* Responses.swift */; };
		41AEA5AC29818458003934F1 /* StreamsModel.swift in Sources */ = {isa = PBXBuildFile; fileRef = 41AEA5AB29818458003934F1 /* StreamsModel.swift */; };
		41AEA5AE29818656003934F1 /* Observable.swift in Sources */ = {isa = PBXBuildFile; fileRef = 41AEA5AD29818656003934F1 /* Observable.swift */; };
		41AEA5B0298186BB003934F1 /* GamesViewModel.swift in Sources */ = {isa = PBXBuildFile; fileRef = 41AEA5AF298186BB003934F1 /* GamesViewModel.swift */; };
		41AEA5B2298186DC003934F1 /* StreamsViewModel.swift in Sources */ = {isa = PBXBuildFile; fileRef = 41AEA5B1298186DC003934F1 /* StreamsViewModel.swift */; };
		41AEA5B4298190D9003934F1 /* GameCellViewModel.swift in Sources */ = {isa = PBXBuildFile; fileRef = 41AEA5B3298190D9003934F1 /* GameCellViewModel.swift */; };
		41AEA5B629819858003934F1 /* StreamCellViewModel.swift in Sources */ = {isa = PBXBuildFile; fileRef = 41AEA5B529819858003934F1 /* StreamCellViewModel.swift */; };
/* End PBXBuildFile section */

/* Begin PBXFileReference section */
		41AEA57229817CBF003934F1 /* mmmarinasel_twitch_demo.app */ = {isa = PBXFileReference; explicitFileType = wrapper.application; includeInIndex = 0; path = mmmarinasel_twitch_demo.app; sourceTree = BUILT_PRODUCTS_DIR; };
		41AEA57529817CBF003934F1 /* AppDelegate.swift */ = {isa = PBXFileReference; lastKnownFileType = sourcecode.swift; path = AppDelegate.swift; sourceTree = "<group>"; };
		41AEA57929817CBF003934F1 /* GamesViewController.swift */ = {isa = PBXFileReference; lastKnownFileType = sourcecode.swift; path = GamesViewController.swift; sourceTree = "<group>"; };
		41AEA58129817CC5003934F1 /* Assets.xcassets */ = {isa = PBXFileReference; lastKnownFileType = folder.assetcatalog; path = Assets.xcassets; sourceTree = "<group>"; };
		41AEA58429817CC5003934F1 /* Base */ = {isa = PBXFileReference; lastKnownFileType = file.storyboard; name = Base; path = Base.lproj/LaunchScreen.storyboard; sourceTree = "<group>"; };
		41AEA58629817CC5003934F1 /* Info.plist */ = {isa = PBXFileReference; lastKnownFileType = text.plist.xml; path = Info.plist; sourceTree = "<group>"; };
		41AEA59729817F6A003934F1 /* StreamsViewController.swift */ = {isa = PBXFileReference; lastKnownFileType = sourcecode.swift; path = StreamsViewController.swift; sourceTree = "<group>"; };
		41AEA599298180C8003934F1 /* NetworkManager.swift */ = {isa = PBXFileReference; lastKnownFileType = sourcecode.swift; path = NetworkManager.swift; sourceTree = "<group>"; };
		41AEA59B2981813C003934F1 /* ViewLoadable.swift */ = {isa = PBXFileReference; lastKnownFileType = sourcecode.swift; path = ViewLoadable.swift; sourceTree = "<group>"; };
		41AEA59D2981815B003934F1 /* StreamsView.swift */ = {isa = PBXFileReference; lastKnownFileType = sourcecode.swift; path = StreamsView.swift; sourceTree = "<group>"; };
		41AEA59F2981816C003934F1 /* GamesView.swift */ = {isa = PBXFileReference; lastKnownFileType = sourcecode.swift; path = GamesView.swift; sourceTree = "<group>"; };
		41AEA5A22981818F003934F1 /* GameTableViewCell.swift */ = {isa = PBXFileReference; lastKnownFileType = sourcecode.swift; path = GameTableViewCell.swift; sourceTree = "<group>"; };
		41AEA5A5298181A2003934F1 /* StreamTableViewCell.swift */ = {isa = PBXFileReference; lastKnownFileType = sourcecode.swift; path = StreamTableViewCell.swift; sourceTree = "<group>"; };
		41AEA5A7298183C8003934F1 /* GamesModel.swift */ = {isa = PBXFileReference; lastKnownFileType = sourcecode.swift; path = GamesModel.swift; sourceTree = "<group>"; };
		41AEA5A92981840E003934F1 /* Responses.swift */ = {isa = PBXFileReference; lastKnownFileType = sourcecode.swift; path = Responses.swift; sourceTree = "<group>"; };
		41AEA5AB29818458003934F1 /* StreamsModel.swift */ = {isa = PBXFileReference; lastKnownFileType = sourcecode.swift; path = StreamsModel.swift; sourceTree = "<group>"; };
		41AEA5AD29818656003934F1 /* Observable.swift */ = {isa = PBXFileReference; lastKnownFileType = sourcecode.swift; path = Observable.swift; sourceTree = "<group>"; };
		41AEA5AF298186BB003934F1 /* GamesViewModel.swift */ = {isa = PBXFileReference; lastKnownFileType = sourcecode.swift; path = GamesViewModel.swift; sourceTree = "<group>"; };
		41AEA5B1298186DC003934F1 /* StreamsViewModel.swift */ = {isa = PBXFileReference; lastKnownFileType = sourcecode.swift; path = StreamsViewModel.swift; sourceTree = "<group>"; };
		41AEA5B3298190D9003934F1 /* GameCellViewModel.swift */ = {isa = PBXFileReference; lastKnownFileType = sourcecode.swift; path = GameCellViewModel.swift; sourceTree = "<group>"; };
		41AEA5B529819858003934F1 /* StreamCellViewModel.swift */ = {isa = PBXFileReference; lastKnownFileType = sourcecode.swift; path = StreamCellViewModel.swift; sourceTree = "<group>"; };
/* End PBXFileReference section */

/* Begin PBXFrameworksBuildPhase section */
		41AEA56F29817CBF003934F1 /* Frameworks */ = {
			isa = PBXFrameworksBuildPhase;
			buildActionMask = 2147483647;
			files = (
			);
			runOnlyForDeploymentPostprocessing = 0;
		};
/* End PBXFrameworksBuildPhase section */

/* Begin PBXGroup section */
		41AEA56929817CBE003934F1 = {
			isa = PBXGroup;
			children = (
				41AEA57429817CBF003934F1 /* mmmarinasel_twitch_demo */,
				41AEA57329817CBF003934F1 /* Products */,
			);
			sourceTree = "<group>";
		};
		41AEA57329817CBF003934F1 /* Products */ = {
			isa = PBXGroup;
			children = (
				41AEA57229817CBF003934F1 /* mmmarinasel_twitch_demo.app */,
			);
			name = Products;
			sourceTree = "<group>";
		};
		41AEA57429817CBF003934F1 /* mmmarinasel_twitch_demo */ = {
			isa = PBXGroup;
			children = (
				41AEA58E29817F04003934F1 /* Service */,
				41AEA58D29817EFC003934F1 /* Helper */,
				41AEA58C29817EF7003934F1 /* Screens */,
				41AEA57529817CBF003934F1 /* AppDelegate.swift */,
				41AEA58129817CC5003934F1 /* Assets.xcassets */,
				41AEA58329817CC5003934F1 /* LaunchScreen.storyboard */,
				41AEA58629817CC5003934F1 /* Info.plist */,
			);
			path = mmmarinasel_twitch_demo;
			sourceTree = "<group>";
		};
		41AEA58C29817EF7003934F1 /* Screens */ = {
			isa = PBXGroup;
			children = (
				41AEA59029817F17003934F1 /* Streams */,
				41AEA58F29817F11003934F1 /* Games */,
			);
			path = Screens;
			sourceTree = "<group>";
		};
		41AEA58D29817EFC003934F1 /* Helper */ = {
			isa = PBXGroup;
			children = (
				41AEA59B2981813C003934F1 /* ViewLoadable.swift */,
				41AEA5AD29818656003934F1 /* Observable.swift */,
			);
			path = Helper;
			sourceTree = "<group>";
		};
		41AEA58E29817F04003934F1 /* Service */ = {
			isa = PBXGroup;
			children = (
				41AEA599298180C8003934F1 /* NetworkManager.swift */,
				41AEA5A92981840E003934F1 /* Responses.swift */,
			);
			path = Service;
			sourceTree = "<group>";
		};
		41AEA58F29817F11003934F1 /* Games */ = {
			isa = PBXGroup;
			children = (
				41AEA59329817F2C003934F1 /* Model */,
				41AEA59229817F27003934F1 /* View */,
				41AEA59129817F1E003934F1 /* ViewModel */,
			);
			path = Games;
			sourceTree = "<group>";
		};
		41AEA59029817F17003934F1 /* Streams */ = {
			isa = PBXGroup;
			children = (
				41AEA59629817F3E003934F1 /* Model */,
				41AEA59529817F38003934F1 /* View */,
				41AEA59429817F32003934F1 /* ViewModel */,
			);
			path = Streams;
			sourceTree = "<group>";
		};
		41AEA59129817F1E003934F1 /* ViewModel */ = {
			isa = PBXGroup;
			children = (
				41AEA5AF298186BB003934F1 /* GamesViewModel.swift */,
				41AEA5B3298190D9003934F1 /* GameCellViewModel.swift */,
			);
			path = ViewModel;
			sourceTree = "<group>";
		};
		41AEA59229817F27003934F1 /* View */ = {
			isa = PBXGroup;
			children = (
				41AEA5A12981817B003934F1 /* Cell */,
				41AEA57929817CBF003934F1 /* GamesViewController.swift */,
				41AEA59F2981816C003934F1 /* GamesView.swift */,
			);
			path = View;
			sourceTree = "<group>";
		};
		41AEA59329817F2C003934F1 /* Model */ = {
			isa = PBXGroup;
			children = (
				41AEA5A7298183C8003934F1 /* GamesModel.swift */,
			);
			path = Model;
			sourceTree = "<group>";
		};
		41AEA59429817F32003934F1 /* ViewModel */ = {
			isa = PBXGroup;
			children = (
				41AEA5B1298186DC003934F1 /* StreamsViewModel.swift */,
				41AEA5B529819858003934F1 /* StreamCellViewModel.swift */,
			);
			path = ViewModel;
			sourceTree = "<group>";
		};
		41AEA59529817F38003934F1 /* View */ = {
			isa = PBXGroup;
			children = (
				41AEA5A429818196003934F1 /* Cell */,
				41AEA59729817F6A003934F1 /* StreamsViewController.swift */,
				41AEA59D2981815B003934F1 /* StreamsView.swift */,
			);
			path = View;
			sourceTree = "<group>";
		};
		41AEA59629817F3E003934F1 /* Model */ = {
			isa = PBXGroup;
			children = (
				41AEA5AB29818458003934F1 /* StreamsModel.swift */,
			);
			path = Model;
			sourceTree = "<group>";
		};
		41AEA5A12981817B003934F1 /* Cell */ = {
			isa = PBXGroup;
			children = (
				41AEA5A22981818F003934F1 /* GameTableViewCell.swift */,
			);
			path = Cell;
			sourceTree = "<group>";
		};
		41AEA5A429818196003934F1 /* Cell */ = {
			isa = PBXGroup;
			children = (
				41AEA5A5298181A2003934F1 /* StreamTableViewCell.swift */,
			);
			path = Cell;
			sourceTree = "<group>";
		};
/* End PBXGroup section */

/* Begin PBXNativeTarget section */
		41AEA57129817CBF003934F1 /* mmmarinasel_twitch_demo */ = {
			isa = PBXNativeTarget;
			buildConfigurationList = 41AEA58929817CC5003934F1 /* Build configuration list for PBXNativeTarget "mmmarinasel_twitch_demo" */;
			buildPhases = (
				41AEA56E29817CBF003934F1 /* Sources */,
				41AEA56F29817CBF003934F1 /* Frameworks */,
				41AEA57029817CBF003934F1 /* Resources */,
			);
			buildRules = (
			);
			dependencies = (
			);
			name = mmmarinasel_twitch_demo;
			productName = mmmarinasel_twitch_demo;
			productReference = 41AEA57229817CBF003934F1 /* mmmarinasel_twitch_demo.app */;
			productType = "com.apple.product-type.application";
		};
/* End PBXNativeTarget section */

/* Begin PBXProject section */
		41AEA56A29817CBE003934F1 /* Project object */ = {
			isa = PBXProject;
			attributes = {
				BuildIndependentTargetsInParallel = 1;
				LastSwiftUpdateCheck = 1420;
				LastUpgradeCheck = 1420;
				TargetAttributes = {
					41AEA57129817CBF003934F1 = {
						CreatedOnToolsVersion = 14.2;
					};
				};
			};
			buildConfigurationList = 41AEA56D29817CBE003934F1 /* Build configuration list for PBXProject "mmmarinasel_twitch_demo" */;
			compatibilityVersion = "Xcode 14.0";
			developmentRegion = en;
			hasScannedForEncodings = 0;
			knownRegions = (
				en,
				Base,
			);
			mainGroup = 41AEA56929817CBE003934F1;
			productRefGroup = 41AEA57329817CBF003934F1 /* Products */;
			projectDirPath = "";
			projectRoot = "";
			targets = (
				41AEA57129817CBF003934F1 /* mmmarinasel_twitch_demo */,
			);
		};
/* End PBXProject section */

/* Begin PBXResourcesBuildPhase section */
		41AEA57029817CBF003934F1 /* Resources */ = {
			isa = PBXResourcesBuildPhase;
			buildActionMask = 2147483647;
			files = (
				41AEA58529817CC5003934F1 /* LaunchScreen.storyboard in Resources */,
				41AEA58229817CC5003934F1 /* Assets.xcassets in Resources */,
			);
			runOnlyForDeploymentPostprocessing = 0;
		};
/* End PBXResourcesBuildPhase section */

/* Begin PBXSourcesBuildPhase section */
		41AEA56E29817CBF003934F1 /* Sources */ = {
			isa = PBXSourcesBuildPhase;
			buildActionMask = 2147483647;
			files = (
				41AEA5B629819858003934F1 /* StreamCellViewModel.swift in Sources */,
				41AEA5AE29818656003934F1 /* Observable.swift in Sources */,
				41AEA59829817F6A003934F1 /* StreamsViewController.swift in Sources */,
				41AEA59A298180C8003934F1 /* NetworkManager.swift in Sources */,
				41AEA5A02981816C003934F1 /* GamesView.swift in Sources */,
				41AEA5B2298186DC003934F1 /* StreamsViewModel.swift in Sources */,
				41AEA57A29817CBF003934F1 /* GamesViewController.swift in Sources */,
				41AEA59C2981813C003934F1 /* ViewLoadable.swift in Sources */,
				41AEA59E2981815B003934F1 /* StreamsView.swift in Sources */,
				41AEA5A6298181A2003934F1 /* StreamTableViewCell.swift in Sources */,
				41AEA5B4298190D9003934F1 /* GameCellViewModel.swift in Sources */,
				41AEA57629817CBF003934F1 /* AppDelegate.swift in Sources */,
				41AEA5A32981818F003934F1 /* GameTableViewCell.swift in Sources */,
				41AEA5B0298186BB003934F1 /* GamesViewModel.swift in Sources */,
				41AEA5AC29818458003934F1 /* StreamsModel.swift in Sources */,
				41AEA5A8298183C8003934F1 /* GamesModel.swift in Sources */,
				41AEA5AA2981840E003934F1 /* Responses.swift in Sources */,
			);
			runOnlyForDeploymentPostprocessing = 0;
		};
/* End PBXSourcesBuildPhase section */

/* Begin PBXVariantGroup section */
		41AEA58329817CC5003934F1 /* LaunchScreen.storyboard */ = {
			isa = PBXVariantGroup;
			children = (
				41AEA58429817CC5003934F1 /* Base */,
			);
			name = LaunchScreen.storyboard;
			sourceTree = "<group>";
		};
/* End PBXVariantGroup section */

/* Begin XCBuildConfiguration section */
		41AEA58729817CC5003934F1 /* Debug */ = {
			isa = XCBuildConfiguration;
			buildSettings = {
				ALWAYS_SEARCH_USER_PATHS = NO;
				CLANG_ANALYZER_NONNULL = YES;
				CLANG_ANALYZER_NUMBER_OBJECT_CONVERSION = YES_AGGRESSIVE;
				CLANG_CXX_LANGUAGE_STANDARD = "gnu++20";
				CLANG_ENABLE_MODULES = YES;
				CLANG_ENABLE_OBJC_ARC = YES;
				CLANG_ENABLE_OBJC_WEAK = YES;
				CLANG_WARN_BLOCK_CAPTURE_AUTORELEASING = YES;
				CLANG_WARN_BOOL_CONVERSION = YES;
				CLANG_WARN_COMMA = YES;
				CLANG_WARN_CONSTANT_CONVERSION = YES;
				CLANG_WARN_DEPRECATED_OBJC_IMPLEMENTATIONS = YES;
				CLANG_WARN_DIRECT_OBJC_ISA_USAGE = YES_ERROR;
				CLANG_WARN_DOCUMENTATION_COMMENTS = YES;
				CLANG_WARN_EMPTY_BODY = YES;
				CLANG_WARN_ENUM_CONVERSION = YES;
				CLANG_WARN_INFINITE_RECURSION = YES;
				CLANG_WARN_INT_CONVERSION = YES;
				CLANG_WARN_NON_LITERAL_NULL_CONVERSION = YES;
				CLANG_WARN_OBJC_IMPLICIT_RETAIN_SELF = YES;
				CLANG_WARN_OBJC_LITERAL_CONVERSION = YES;
				CLANG_WARN_OBJC_ROOT_CLASS = YES_ERROR;
				CLANG_WARN_QUOTED_INCLUDE_IN_FRAMEWORK_HEADER = YES;
				CLANG_WARN_RANGE_LOOP_ANALYSIS = YES;
				CLANG_WARN_STRICT_PROTOTYPES = YES;
				CLANG_WARN_SUSPICIOUS_MOVE = YES;
				CLANG_WARN_UNGUARDED_AVAILABILITY = YES_AGGRESSIVE;
				CLANG_WARN_UNREACHABLE_CODE = YES;
				CLANG_WARN__DUPLICATE_METHOD_MATCH = YES;
				COPY_PHASE_STRIP = NO;
				DEBUG_INFORMATION_FORMAT = dwarf;
				ENABLE_STRICT_OBJC_MSGSEND = YES;
				ENABLE_TESTABILITY = YES;
				GCC_C_LANGUAGE_STANDARD = gnu11;
				GCC_DYNAMIC_NO_PIC = NO;
				GCC_NO_COMMON_BLOCKS = YES;
				GCC_OPTIMIZATION_LEVEL = 0;
				GCC_PREPROCESSOR_DEFINITIONS = (
					"DEBUG=1",
					"$(inherited)",
				);
				GCC_WARN_64_TO_32_BIT_CONVERSION = YES;
				GCC_WARN_ABOUT_RETURN_TYPE = YES_ERROR;
				GCC_WARN_UNDECLARED_SELECTOR = YES;
				GCC_WARN_UNINITIALIZED_AUTOS = YES_AGGRESSIVE;
				GCC_WARN_UNUSED_FUNCTION = YES;
				GCC_WARN_UNUSED_VARIABLE = YES;
				IPHONEOS_DEPLOYMENT_TARGET = 16.2;
				MTL_ENABLE_DEBUG_INFO = INCLUDE_SOURCE;
				MTL_FAST_MATH = YES;
				ONLY_ACTIVE_ARCH = YES;
				SDKROOT = iphoneos;
				SWIFT_ACTIVE_COMPILATION_CONDITIONS = DEBUG;
				SWIFT_OPTIMIZATION_LEVEL = "-Onone";
			};
			name = Debug;
		};
		41AEA58829817CC5003934F1 /* Release */ = {
			isa = XCBuildConfiguration;
			buildSettings = {
				ALWAYS_SEARCH_USER_PATHS = NO;
				CLANG_ANALYZER_NONNULL = YES;
				CLANG_ANALYZER_NUMBER_OBJECT_CONVERSION = YES_AGGRESSIVE;
				CLANG_CXX_LANGUAGE_STANDARD = "gnu++20";
				CLANG_ENABLE_MODULES = YES;
				CLANG_ENABLE_OBJC_ARC = YES;
				CLANG_ENABLE_OBJC_WEAK = YES;
				CLANG_WARN_BLOCK_CAPTURE_AUTORELEASING = YES;
				CLANG_WARN_BOOL_CONVERSION = YES;
				CLANG_WARN_COMMA = YES;
				CLANG_WARN_CONSTANT_CONVERSION = YES;
				CLANG_WARN_DEPRECATED_OBJC_IMPLEMENTATIONS = YES;
				CLANG_WARN_DIRECT_OBJC_ISA_USAGE = YES_ERROR;
				CLANG_WARN_DOCUMENTATION_COMMENTS = YES;
				CLANG_WARN_EMPTY_BODY = YES;
				CLANG_WARN_ENUM_CONVERSION = YES;
				CLANG_WARN_INFINITE_RECURSION = YES;
				CLANG_WARN_INT_CONVERSION = YES;
				CLANG_WARN_NON_LITERAL_NULL_CONVERSION = YES;
				CLANG_WARN_OBJC_IMPLICIT_RETAIN_SELF = YES;
				CLANG_WARN_OBJC_LITERAL_CONVERSION = YES;
				CLANG_WARN_OBJC_ROOT_CLASS = YES_ERROR;
				CLANG_WARN_QUOTED_INCLUDE_IN_FRAMEWORK_HEADER = YES;
				CLANG_WARN_RANGE_LOOP_ANALYSIS = YES;
				CLANG_WARN_STRICT_PROTOTYPES = YES;
				CLANG_WARN_SUSPICIOUS_MOVE = YES;
				CLANG_WARN_UNGUARDED_AVAILABILITY = YES_AGGRESSIVE;
				CLANG_WARN_UNREACHABLE_CODE = YES;
				CLANG_WARN__DUPLICATE_METHOD_MATCH = YES;
				COPY_PHASE_STRIP = NO;
				DEBUG_INFORMATION_FORMAT = "dwarf-with-dsym";
				ENABLE_NS_ASSERTIONS = NO;
				ENABLE_STRICT_OBJC_MSGSEND = YES;
				GCC_C_LANGUAGE_STANDARD = gnu11;
				GCC_NO_COMMON_BLOCKS = YES;
				GCC_WARN_64_TO_32_BIT_CONVERSION = YES;
				GCC_WARN_ABOUT_RETURN_TYPE = YES_ERROR;
				GCC_WARN_UNDECLARED_SELECTOR = YES;
				GCC_WARN_UNINITIALIZED_AUTOS = YES_AGGRESSIVE;
				GCC_WARN_UNUSED_FUNCTION = YES;
				GCC_WARN_UNUSED_VARIABLE = YES;
				IPHONEOS_DEPLOYMENT_TARGET = 16.2;
				MTL_ENABLE_DEBUG_INFO = NO;
				MTL_FAST_MATH = YES;
				SDKROOT = iphoneos;
				SWIFT_COMPILATION_MODE = wholemodule;
				SWIFT_OPTIMIZATION_LEVEL = "-O";
				VALIDATE_PRODUCT = YES;
			};
			name = Release;
		};
		41AEA58A29817CC5003934F1 /* Debug */ = {
			isa = XCBuildConfiguration;
			buildSettings = {
				ASSETCATALOG_COMPILER_APPICON_NAME = AppIcon;
				ASSETCATALOG_COMPILER_GLOBAL_ACCENT_COLOR_NAME = AccentColor;
				CODE_SIGN_STYLE = Automatic;
				CURRENT_PROJECT_VERSION = 1;
				DEVELOPMENT_TEAM = 4S4JPYLG6Z;
				GENERATE_INFOPLIST_FILE = YES;
				INFOPLIST_FILE = mmmarinasel_twitch_demo/Info.plist;
				INFOPLIST_KEY_UIApplicationSupportsIndirectInputEvents = YES;
				INFOPLIST_KEY_UILaunchStoryboardName = LaunchScreen;
				INFOPLIST_KEY_UISupportedInterfaceOrientations_iPad = "UIInterfaceOrientationPortrait UIInterfaceOrientationPortraitUpsideDown UIInterfaceOrientationLandscapeLeft UIInterfaceOrientationLandscapeRight";
				INFOPLIST_KEY_UISupportedInterfaceOrientations_iPhone = "UIInterfaceOrientationPortrait UIInterfaceOrientationLandscapeLeft UIInterfaceOrientationLandscapeRight";
				LD_RUNPATH_SEARCH_PATHS = (
					"$(inherited)",
					"@executable_path/Frameworks",
				);
				MARKETING_VERSION = 1.0;
				PRODUCT_BUNDLE_IDENTIFIER = "mmmarinasel.mmmarinasel-twitch-demo";
				PRODUCT_NAME = "$(TARGET_NAME)";
				SWIFT_EMIT_LOC_STRINGS = YES;
				SWIFT_VERSION = 5.0;
				TARGETED_DEVICE_FAMILY = "1,2";
			};
			name = Debug;
		};
		41AEA58B29817CC5003934F1 /* Release */ = {
			isa = XCBuildConfiguration;
			buildSettings = {
				ASSETCATALOG_COMPILER_APPICON_NAME = AppIcon;
				ASSETCATALOG_COMPILER_GLOBAL_ACCENT_COLOR_NAME = AccentColor;
				CODE_SIGN_STYLE = Automatic;
				CURRENT_PROJECT_VERSION = 1;
				DEVELOPMENT_TEAM = 4S4JPYLG6Z;
				GENERATE_INFOPLIST_FILE = YES;
				INFOPLIST_FILE = mmmarinasel_twitch_demo/Info.plist;
				INFOPLIST_KEY_UIApplicationSupportsIndirectInputEvents = YES;
				INFOPLIST_KEY_UILaunchStoryboardName = LaunchScreen;
				INFOPLIST_KEY_UISupportedInterfaceOrientations_iPad = "UIInterfaceOrientationPortrait UIInterfaceOrientationPortraitUpsideDown UIInterfaceOrientationLandscapeLeft UIInterfaceOrientationLandscapeRight";
				INFOPLIST_KEY_UISupportedInterfaceOrientations_iPhone = "UIInterfaceOrientationPortrait UIInterfaceOrientationLandscapeLeft UIInterfaceOrientationLandscapeRight";
				LD_RUNPATH_SEARCH_PATHS = (
					"$(inherited)",
					"@executable_path/Frameworks",
				);
				MARKETING_VERSION = 1.0;
				PRODUCT_BUNDLE_IDENTIFIER = "mmmarinasel.mmmarinasel-twitch-demo";
				PRODUCT_NAME = "$(TARGET_NAME)";
				SWIFT_EMIT_LOC_STRINGS = YES;
				SWIFT_VERSION = 5.0;
				TARGETED_DEVICE_FAMILY = "1,2";
			};
			name = Release;
		};
/* End XCBuildConfiguration section */

/* Begin XCConfigurationList section */
		41AEA56D29817CBE003934F1 /* Build configuration list for PBXProject "mmmarinasel_twitch_demo" */ = {
			isa = XCConfigurationList;
			buildConfigurations = (
				41AEA58729817CC5003934F1 /* Debug */,
				41AEA58829817CC5003934F1 /* Release */,
			);
			defaultConfigurationIsVisible = 0;
			defaultConfigurationName = Release;
		};
		41AEA58929817CC5003934F1 /* Build configuration list for PBXNativeTarget "mmmarinasel_twitch_demo" */ = {
			isa = XCConfigurationList;
			buildConfigurations = (
				41AEA58A29817CC5003934F1 /* Debug */,
				41AEA58B29817CC5003934F1 /* Release */,
			);
			defaultConfigurationIsVisible = 0;
			defaultConfigurationName = Release;
		};
/* End XCConfigurationList section */
	};
	rootObject = 41AEA56A29817CBE003934F1 /* Project object */;
}
